// !$*UTF8*$!
{
	archiveVersion = 1;
	classes = {
	};
	objectVersion = 46;
	objects = {

/* Begin PBXBuildFile section */
		088CBC303D5C380CF3D128B7 /* libPods-AcronymDictionaryTests.a in Frameworks */ = {isa = PBXBuildFile; fileRef = 985765E82F854D6305E2D871 /* libPods-AcronymDictionaryTests.a */; };
		1C7C6C18494B362625E8B82F /* libPods-AcronymDictionary.a in Frameworks */ = {isa = PBXBuildFile; fileRef = 71BA57FC41D40EF087042468 /* libPods-AcronymDictionary.a */; };
		8463ECC51E37F9CC00FBB698 /* main.m in Sources */ = {isa = PBXBuildFile; fileRef = 8463ECC41E37F9CC00FBB698 /* main.m */; };
		8463ECC81E37F9CC00FBB698 /* AppDelegate.m in Sources */ = {isa = PBXBuildFile; fileRef = 8463ECC71E37F9CC00FBB698 /* AppDelegate.m */; };
		8463ECCE1E37F9CC00FBB698 /* Main.storyboard in Resources */ = {isa = PBXBuildFile; fileRef = 8463ECCC1E37F9CC00FBB698 /* Main.storyboard */; };
		8463ECD01E37F9CC00FBB698 /* Assets.xcassets in Resources */ = {isa = PBXBuildFile; fileRef = 8463ECCF1E37F9CC00FBB698 /* Assets.xcassets */; };
		8463ECD31E37F9CC00FBB698 /* LaunchScreen.storyboard in Resources */ = {isa = PBXBuildFile; fileRef = 8463ECD11E37F9CC00FBB698 /* LaunchScreen.storyboard */; };
		8463ECE91E37F9CC00FBB698 /* AcronymDictionaryUITests.m in Sources */ = {isa = PBXBuildFile; fileRef = 8463ECE81E37F9CC00FBB698 /* AcronymDictionaryUITests.m */; };
		8463ECF81E37FBB500FBB698 /* Acromine.m in Sources */ = {isa = PBXBuildFile; fileRef = 8463ECF71E37FBB500FBB698 /* Acromine.m */; };
		8463ECF91E37FBB500FBB698 /* Acromine.m in Sources */ = {isa = PBXBuildFile; fileRef = 8463ECF71E37FBB500FBB698 /* Acromine.m */; };
		8463ECFA1E37FBB500FBB698 /* Acromine.m in Sources */ = {isa = PBXBuildFile; fileRef = 8463ECF71E37FBB500FBB698 /* Acromine.m */; };
		8463ECFE1E37FC3600FBB698 /* Constants.m in Sources */ = {isa = PBXBuildFile; fileRef = 8463ECFD1E37FC3600FBB698 /* Constants.m */; };
		8463ECFF1E37FC3600FBB698 /* Constants.m in Sources */ = {isa = PBXBuildFile; fileRef = 8463ECFD1E37FC3600FBB698 /* Constants.m */; };
		8463ED001E37FC3600FBB698 /* Constants.m in Sources */ = {isa = PBXBuildFile; fileRef = 8463ECFD1E37FC3600FBB698 /* Constants.m */; };
		8463ED021E37FD0500FBB698 /* AcromineTests.m in Sources */ = {isa = PBXBuildFile; fileRef = 8463ED011E37FD0500FBB698 /* AcromineTests.m */; };
		8463ED061E3801B700FBB698 /* AcronymDefinitions.m in Sources */ = {isa = PBXBuildFile; fileRef = 8463ED051E3801B700FBB698 /* AcronymDefinitions.m */; };
		8463ED071E3801B700FBB698 /* AcronymDefinitions.m in Sources */ = {isa = PBXBuildFile; fileRef = 8463ED051E3801B700FBB698 /* AcronymDefinitions.m */; };
		8463ED081E3801B700FBB698 /* AcronymDefinitions.m in Sources */ = {isa = PBXBuildFile; fileRef = 8463ED051E3801B700FBB698 /* AcronymDefinitions.m */; };
		8463ED0B1E3801CF00FBB698 /* AcronymDefinition.m in Sources */ = {isa = PBXBuildFile; fileRef = 8463ED0A1E3801CF00FBB698 /* AcronymDefinition.m */; };
		8463ED0C1E3801CF00FBB698 /* AcronymDefinition.m in Sources */ = {isa = PBXBuildFile; fileRef = 8463ED0A1E3801CF00FBB698 /* AcronymDefinition.m */; };
		8463ED0D1E3801CF00FBB698 /* AcronymDefinition.m in Sources */ = {isa = PBXBuildFile; fileRef = 8463ED0A1E3801CF00FBB698 /* AcronymDefinition.m */; };
		8463ED111E38143E00FBB698 /* SearchTableViewController.m in Sources */ = {isa = PBXBuildFile; fileRef = 8463ED101E38143E00FBB698 /* SearchTableViewController.m */; };
		8463ED141E38182600FBB698 /* SearchTableViewController+UISearchBarDelegate.m in Sources */ = {isa = PBXBuildFile; fileRef = 8463ED131E38182600FBB698 /* SearchTableViewController+UISearchBarDelegate.m */; };
		8463ED181E381D7000FBB698 /* DefinitionTableViewCell.m in Sources */ = {isa = PBXBuildFile; fileRef = 8463ED161E381D7000FBB698 /* DefinitionTableViewCell.m */; };
		8463ED191E381D7000FBB698 /* DefinitionTableViewCell.xib in Resources */ = {isa = PBXBuildFile; fileRef = 8463ED171E381D7000FBB698 /* DefinitionTableViewCell.xib */; };
		8C460313046912DA376F4F86 /* libPods-AcronymDictionaryUITests.a in Frameworks */ = {isa = PBXBuildFile; fileRef = F161224BD324452A7480E8C7 /* libPods-AcronymDictionaryUITests.a */; };
/* End PBXBuildFile section */

/* Begin PBXContainerItemProxy section */
		8463ECDA1E37F9CC00FBB698 /* PBXContainerItemProxy */ = {
			isa = PBXContainerItemProxy;
			containerPortal = 8463ECB81E37F9CB00FBB698 /* Project object */;
			proxyType = 1;
			remoteGlobalIDString = 8463ECBF1E37F9CB00FBB698;
			remoteInfo = AcronymDictionary;
		};
		8463ECE51E37F9CC00FBB698 /* PBXContainerItemProxy */ = {
			isa = PBXContainerItemProxy;
			containerPortal = 8463ECB81E37F9CB00FBB698 /* Project object */;
			proxyType = 1;
			remoteGlobalIDString = 8463ECBF1E37F9CB00FBB698;
			remoteInfo = AcronymDictionary;
		};
/* End PBXContainerItemProxy section */

/* Begin PBXFileReference section */
		038AC3CD7DA3A26B2D76AF27 /* Pods-AcronymDictionaryTests.debug.xcconfig */ = {isa = PBXFileReference; includeInIndex = 1; lastKnownFileType = text.xcconfig; name = "Pods-AcronymDictionaryTests.debug.xcconfig"; path = "Pods/Target Support Files/Pods-AcronymDictionaryTests/Pods-AcronymDictionaryTests.debug.xcconfig"; sourceTree = "<group>"; };
		37ECEB60EEED5CB27F68A550 /* Pods-AcronymDictionary.release.xcconfig */ = {isa = PBXFileReference; includeInIndex = 1; lastKnownFileType = text.xcconfig; name = "Pods-AcronymDictionary.release.xcconfig"; path = "Pods/Target Support Files/Pods-AcronymDictionary/Pods-AcronymDictionary.release.xcconfig"; sourceTree = "<group>"; };
		6A80EA9617A900E510AF5649 /* Pods-AcronymDictionaryTests.release.xcconfig */ = {isa = PBXFileReference; includeInIndex = 1; lastKnownFileType = text.xcconfig; name = "Pods-AcronymDictionaryTests.release.xcconfig"; path = "Pods/Target Support Files/Pods-AcronymDictionaryTests/Pods-AcronymDictionaryTests.release.xcconfig"; sourceTree = "<group>"; };
		6F4F37D8442B6435AD79FF35 /* Pods-AcronymDictionaryUITests.debug.xcconfig */ = {isa = PBXFileReference; includeInIndex = 1; lastKnownFileType = text.xcconfig; name = "Pods-AcronymDictionaryUITests.debug.xcconfig"; path = "Pods/Target Support Files/Pods-AcronymDictionaryUITests/Pods-AcronymDictionaryUITests.debug.xcconfig"; sourceTree = "<group>"; };
		71BA57FC41D40EF087042468 /* libPods-AcronymDictionary.a */ = {isa = PBXFileReference; explicitFileType = archive.ar; includeInIndex = 0; path = "libPods-AcronymDictionary.a"; sourceTree = BUILT_PRODUCTS_DIR; };
		8463ECC01E37F9CC00FBB698 /* AcronymDictionary.app */ = {isa = PBXFileReference; explicitFileType = wrapper.application; includeInIndex = 0; path = AcronymDictionary.app; sourceTree = BUILT_PRODUCTS_DIR; };
		8463ECC41E37F9CC00FBB698 /* main.m */ = {isa = PBXFileReference; lastKnownFileType = sourcecode.c.objc; path = main.m; sourceTree = "<group>"; };
		8463ECC61E37F9CC00FBB698 /* AppDelegate.h */ = {isa = PBXFileReference; lastKnownFileType = sourcecode.c.h; path = AppDelegate.h; sourceTree = "<group>"; };
		8463ECC71E37F9CC00FBB698 /* AppDelegate.m */ = {isa = PBXFileReference; lastKnownFileType = sourcecode.c.objc; path = AppDelegate.m; sourceTree = "<group>"; };
		8463ECCD1E37F9CC00FBB698 /* Base */ = {isa = PBXFileReference; lastKnownFileType = file.storyboard; name = Base; path = Base.lproj/Main.storyboard; sourceTree = "<group>"; };
		8463ECCF1E37F9CC00FBB698 /* Assets.xcassets */ = {isa = PBXFileReference; lastKnownFileType = folder.assetcatalog; path = Assets.xcassets; sourceTree = "<group>"; };
		8463ECD21E37F9CC00FBB698 /* Base */ = {isa = PBXFileReference; lastKnownFileType = file.storyboard; name = Base; path = Base.lproj/LaunchScreen.storyboard; sourceTree = "<group>"; };
		8463ECD41E37F9CC00FBB698 /* Info.plist */ = {isa = PBXFileReference; lastKnownFileType = text.plist.xml; path = Info.plist; sourceTree = "<group>"; };
		8463ECD91E37F9CC00FBB698 /* AcronymDictionaryTests.xctest */ = {isa = PBXFileReference; explicitFileType = wrapper.cfbundle; includeInIndex = 0; path = AcronymDictionaryTests.xctest; sourceTree = BUILT_PRODUCTS_DIR; };
		8463ECDF1E37F9CC00FBB698 /* Info.plist */ = {isa = PBXFileReference; lastKnownFileType = text.plist.xml; path = Info.plist; sourceTree = "<group>"; };
		8463ECE41E37F9CC00FBB698 /* AcronymDictionaryUITests.xctest */ = {isa = PBXFileReference; explicitFileType = wrapper.cfbundle; includeInIndex = 0; path = AcronymDictionaryUITests.xctest; sourceTree = BUILT_PRODUCTS_DIR; };
		8463ECE81E37F9CC00FBB698 /* AcronymDictionaryUITests.m */ = {isa = PBXFileReference; lastKnownFileType = sourcecode.c.objc; path = AcronymDictionaryUITests.m; sourceTree = "<group>"; };
		8463ECEA1E37F9CC00FBB698 /* Info.plist */ = {isa = PBXFileReference; lastKnownFileType = text.plist.xml; path = Info.plist; sourceTree = "<group>"; };
		8463ECF61E37FBB500FBB698 /* Acromine.h */ = {isa = PBXFileReference; fileEncoding = 4; lastKnownFileType = sourcecode.c.h; path = Acromine.h; sourceTree = "<group>"; };
		8463ECF71E37FBB500FBB698 /* Acromine.m */ = {isa = PBXFileReference; fileEncoding = 4; lastKnownFileType = sourcecode.c.objc; path = Acromine.m; sourceTree = "<group>"; };
		8463ECFC1E37FC3600FBB698 /* Constants.h */ = {isa = PBXFileReference; fileEncoding = 4; lastKnownFileType = sourcecode.c.h; path = Constants.h; sourceTree = "<group>"; };
		8463ECFD1E37FC3600FBB698 /* Constants.m */ = {isa = PBXFileReference; fileEncoding = 4; lastKnownFileType = sourcecode.c.objc; path = Constants.m; sourceTree = "<group>"; };
		8463ED011E37FD0500FBB698 /* AcromineTests.m */ = {isa = PBXFileReference; fileEncoding = 4; lastKnownFileType = sourcecode.c.objc; path = AcromineTests.m; sourceTree = "<group>"; };
		8463ED041E3801B700FBB698 /* AcronymDefinitions.h */ = {isa = PBXFileReference; fileEncoding = 4; lastKnownFileType = sourcecode.c.h; path = AcronymDefinitions.h; sourceTree = "<group>"; };
		8463ED051E3801B700FBB698 /* AcronymDefinitions.m */ = {isa = PBXFileReference; fileEncoding = 4; lastKnownFileType = sourcecode.c.objc; path = AcronymDefinitions.m; sourceTree = "<group>"; };
		8463ED091E3801CE00FBB698 /* AcronymDefinition.h */ = {isa = PBXFileReference; fileEncoding = 4; lastKnownFileType = sourcecode.c.h; path = AcronymDefinition.h; sourceTree = "<group>"; };
		8463ED0A1E3801CF00FBB698 /* AcronymDefinition.m */ = {isa = PBXFileReference; fileEncoding = 4; lastKnownFileType = sourcecode.c.objc; path = AcronymDefinition.m; sourceTree = "<group>"; };
		8463ED0E1E38065700FBB698 /* PrefixHeader.pch */ = {isa = PBXFileReference; fileEncoding = 4; lastKnownFileType = sourcecode.c.h; path = PrefixHeader.pch; sourceTree = "<group>"; };
		8463ED0F1E38143E00FBB698 /* SearchTableViewController.h */ = {isa = PBXFileReference; fileEncoding = 4; lastKnownFileType = sourcecode.c.h; path = SearchTableViewController.h; sourceTree = "<group>"; };
		8463ED101E38143E00FBB698 /* SearchTableViewController.m */ = {isa = PBXFileReference; fileEncoding = 4; lastKnownFileType = sourcecode.c.objc; path = SearchTableViewController.m; sourceTree = "<group>"; };
		8463ED121E38182600FBB698 /* SearchTableViewController+UISearchBarDelegate.h */ = {isa = PBXFileReference; fileEncoding = 4; lastKnownFileType = sourcecode.c.h; path = "SearchTableViewController+UISearchBarDelegate.h"; sourceTree = "<group>"; };
		8463ED131E38182600FBB698 /* SearchTableViewController+UISearchBarDelegate.m */ = {isa = PBXFileReference; fileEncoding = 4; lastKnownFileType = sourcecode.c.objc; path = "SearchTableViewController+UISearchBarDelegate.m"; sourceTree = "<group>"; };
		8463ED151E381D7000FBB698 /* DefinitionTableViewCell.h */ = {isa = PBXFileReference; fileEncoding = 4; lastKnownFileType = sourcecode.c.h; path = DefinitionTableViewCell.h; sourceTree = "<group>"; };
		8463ED161E381D7000FBB698 /* DefinitionTableViewCell.m */ = {isa = PBXFileReference; fileEncoding = 4; lastKnownFileType = sourcecode.c.objc; path = DefinitionTableViewCell.m; sourceTree = "<group>"; };
		8463ED171E381D7000FBB698 /* DefinitionTableViewCell.xib */ = {isa = PBXFileReference; fileEncoding = 4; lastKnownFileType = file.xib; path = DefinitionTableViewCell.xib; sourceTree = "<group>"; };
		8CDD8BC7247A39700C57E866 /* Pods-AcronymDictionary.debug.xcconfig */ = {isa = PBXFileReference; includeInIndex = 1; lastKnownFileType = text.xcconfig; name = "Pods-AcronymDictionary.debug.xcconfig"; path = "Pods/Target Support Files/Pods-AcronymDictionary/Pods-AcronymDictionary.debug.xcconfig"; sourceTree = "<group>"; };
		985765E82F854D6305E2D871 /* libPods-AcronymDictionaryTests.a */ = {isa = PBXFileReference; explicitFileType = archive.ar; includeInIndex = 0; path = "libPods-AcronymDictionaryTests.a"; sourceTree = BUILT_PRODUCTS_DIR; };
		C2944A00103076CE5F9ED59E /* Pods-AcronymDictionaryUITests.release.xcconfig */ = {isa = PBXFileReference; includeInIndex = 1; lastKnownFileType = text.xcconfig; name = "Pods-AcronymDictionaryUITests.release.xcconfig"; path = "Pods/Target Support Files/Pods-AcronymDictionaryUITests/Pods-AcronymDictionaryUITests.release.xcconfig"; sourceTree = "<group>"; };
		F161224BD324452A7480E8C7 /* libPods-AcronymDictionaryUITests.a */ = {isa = PBXFileReference; explicitFileType = archive.ar; includeInIndex = 0; path = "libPods-AcronymDictionaryUITests.a"; sourceTree = BUILT_PRODUCTS_DIR; };
/* End PBXFileReference section */

/* Begin PBXFrameworksBuildPhase section */
		8463ECBD1E37F9CB00FBB698 /* Frameworks */ = {
			isa = PBXFrameworksBuildPhase;
			buildActionMask = 2147483647;
			files = (
				1C7C6C18494B362625E8B82F /* libPods-AcronymDictionary.a in Frameworks */,
			);
			runOnlyForDeploymentPostprocessing = 0;
		};
		8463ECD61E37F9CC00FBB698 /* Frameworks */ = {
			isa = PBXFrameworksBuildPhase;
			buildActionMask = 2147483647;
			files = (
				088CBC303D5C380CF3D128B7 /* libPods-AcronymDictionaryTests.a in Frameworks */,
			);
			runOnlyForDeploymentPostprocessing = 0;
		};
		8463ECE11E37F9CC00FBB698 /* Frameworks */ = {
			isa = PBXFrameworksBuildPhase;
			buildActionMask = 2147483647;
			files = (
				8C460313046912DA376F4F86 /* libPods-AcronymDictionaryUITests.a in Frameworks */,
			);
			runOnlyForDeploymentPostprocessing = 0;
		};
/* End PBXFrameworksBuildPhase section */

/* Begin PBXGroup section */
		8463ECB71E37F9CB00FBB698 = {
			isa = PBXGroup;
			children = (
				8463ECC21E37F9CC00FBB698 /* AcronymDictionary */,
				8463ECDC1E37F9CC00FBB698 /* AcronymDictionaryTests */,
				8463ECE71E37F9CC00FBB698 /* AcronymDictionaryUITests */,
				8463ECC11E37F9CC00FBB698 /* Products */,
				CBC603B610D94D486A0C63C5 /* Pods */,
				CABC7D174BA61590FBC4B9CE /* Frameworks */,
			);
			sourceTree = "<group>";
		};
		8463ECC11E37F9CC00FBB698 /* Products */ = {
			isa = PBXGroup;
			children = (
				8463ECC01E37F9CC00FBB698 /* AcronymDictionary.app */,
				8463ECD91E37F9CC00FBB698 /* AcronymDictionaryTests.xctest */,
				8463ECE41E37F9CC00FBB698 /* AcronymDictionaryUITests.xctest */,
			);
			name = Products;
			sourceTree = "<group>";
		};
		8463ECC21E37F9CC00FBB698 /* AcronymDictionary */ = {
			isa = PBXGroup;
			children = (
				8463ECFB1E37FC0100FBB698 /* Acromine */,
				8463ECC61E37F9CC00FBB698 /* AppDelegate.h */,
				8463ECC71E37F9CC00FBB698 /* AppDelegate.m */,
				8463ECCF1E37F9CC00FBB698 /* Assets.xcassets */,
				8463ECFC1E37FC3600FBB698 /* Constants.h */,
				8463ECFD1E37FC3600FBB698 /* Constants.m */,
				8463ED151E381D7000FBB698 /* DefinitionTableViewCell.h */,
				8463ED161E381D7000FBB698 /* DefinitionTableViewCell.m */,
				8463ED171E381D7000FBB698 /* DefinitionTableViewCell.xib */,
				8463ECD41E37F9CC00FBB698 /* Info.plist */,
				8463ECD11E37F9CC00FBB698 /* LaunchScreen.storyboard */,
				8463ECCC1E37F9CC00FBB698 /* Main.storyboard */,
				8463ED0F1E38143E00FBB698 /* SearchTableViewController.h */,
				8463ED101E38143E00FBB698 /* SearchTableViewController.m */,
				8463ED121E38182600FBB698 /* SearchTableViewController+UISearchBarDelegate.h */,
				8463ED131E38182600FBB698 /* SearchTableViewController+UISearchBarDelegate.m */,
				8463ECC31E37F9CC00FBB698 /* Supporting Files */,
			);
			path = AcronymDictionary;
			sourceTree = "<group>";
		};
		8463ECC31E37F9CC00FBB698 /* Supporting Files */ = {
			isa = PBXGroup;
			children = (
				8463ECC41E37F9CC00FBB698 /* main.m */,
				8463ED0E1E38065700FBB698 /* PrefixHeader.pch */,
			);
			name = "Supporting Files";
			sourceTree = "<group>";
		};
		8463ECDC1E37F9CC00FBB698 /* AcronymDictionaryTests */ = {
			isa = PBXGroup;
			children = (
				8463ED011E37FD0500FBB698 /* AcromineTests.m */,
				8463ECDF1E37F9CC00FBB698 /* Info.plist */,
			);
			path = AcronymDictionaryTests;
			sourceTree = "<group>";
		};
		8463ECE71E37F9CC00FBB698 /* AcronymDictionaryUITests */ = {
			isa = PBXGroup;
			children = (
				8463ECE81E37F9CC00FBB698 /* AcronymDictionaryUITests.m */,
				8463ECEA1E37F9CC00FBB698 /* Info.plist */,
			);
			path = AcronymDictionaryUITests;
			sourceTree = "<group>";
		};
		8463ECFB1E37FC0100FBB698 /* Acromine */ = {
			isa = PBXGroup;
			children = (
				8463ECF61E37FBB500FBB698 /* Acromine.h */,
				8463ECF71E37FBB500FBB698 /* Acromine.m */,
				8463ED031E38017C00FBB698 /* Models */,
			);
			path = Acromine;
			sourceTree = "<group>";
		};
		8463ED031E38017C00FBB698 /* Models */ = {
			isa = PBXGroup;
			children = (
				8463ED091E3801CE00FBB698 /* AcronymDefinition.h */,
				8463ED0A1E3801CF00FBB698 /* AcronymDefinition.m */,
				8463ED041E3801B700FBB698 /* AcronymDefinitions.h */,
				8463ED051E3801B700FBB698 /* AcronymDefinitions.m */,
			);
			name = Models;
			sourceTree = "<group>";
		};
		CABC7D174BA61590FBC4B9CE /* Frameworks */ = {
			isa = PBXGroup;
			children = (
				71BA57FC41D40EF087042468 /* libPods-AcronymDictionary.a */,
				985765E82F854D6305E2D871 /* libPods-AcronymDictionaryTests.a */,
				F161224BD324452A7480E8C7 /* libPods-AcronymDictionaryUITests.a */,
			);
			name = Frameworks;
			sourceTree = "<group>";
		};
		CBC603B610D94D486A0C63C5 /* Pods */ = {
			isa = PBXGroup;
			children = (
				8CDD8BC7247A39700C57E866 /* Pods-AcronymDictionary.debug.xcconfig */,
				37ECEB60EEED5CB27F68A550 /* Pods-AcronymDictionary.release.xcconfig */,
				038AC3CD7DA3A26B2D76AF27 /* Pods-AcronymDictionaryTests.debug.xcconfig */,
				6A80EA9617A900E510AF5649 /* Pods-AcronymDictionaryTests.release.xcconfig */,
				6F4F37D8442B6435AD79FF35 /* Pods-AcronymDictionaryUITests.debug.xcconfig */,
				C2944A00103076CE5F9ED59E /* Pods-AcronymDictionaryUITests.release.xcconfig */,
			);
			name = Pods;
			sourceTree = "<group>";
		};
/* End PBXGroup section */

/* Begin PBXNativeTarget section */
		8463ECBF1E37F9CB00FBB698 /* AcronymDictionary */ = {
			isa = PBXNativeTarget;
			buildConfigurationList = 8463ECED1E37F9CC00FBB698 /* Build configuration list for PBXNativeTarget "AcronymDictionary" */;
			buildPhases = (
				FB638EA3AE15CD0AE9969806 /* [CP] Check Pods Manifest.lock */,
				8463ECBC1E37F9CB00FBB698 /* Sources */,
				8463ECBD1E37F9CB00FBB698 /* Frameworks */,
				8463ECBE1E37F9CB00FBB698 /* Resources */,
				10659F8646EBC7FC76574EAC /* [CP] Embed Pods Frameworks */,
				D03B3DCDEA5A4A5DA9A1CEDD /* [CP] Copy Pods Resources */,
			);
			buildRules = (
			);
			dependencies = (
			);
			name = AcronymDictionary;
			productName = AcronymDictionary;
			productReference = 8463ECC01E37F9CC00FBB698 /* AcronymDictionary.app */;
			productType = "com.apple.product-type.application";
		};
		8463ECD81E37F9CC00FBB698 /* AcronymDictionaryTests */ = {
			isa = PBXNativeTarget;
			buildConfigurationList = 8463ECF01E37F9CC00FBB698 /* Build configuration list for PBXNativeTarget "AcronymDictionaryTests" */;
			buildPhases = (
				A34307F3E9B1E472DAB7B60F /* [CP] Check Pods Manifest.lock */,
				8463ECD51E37F9CC00FBB698 /* Sources */,
				8463ECD61E37F9CC00FBB698 /* Frameworks */,
				8463ECD71E37F9CC00FBB698 /* Resources */,
				B85DDD51312E7AB54C835B48 /* [CP] Embed Pods Frameworks */,
				9BCF43388109EB0C6B714A8D /* [CP] Copy Pods Resources */,
			);
			buildRules = (
			);
			dependencies = (
				8463ECDB1E37F9CC00FBB698 /* PBXTargetDependency */,
			);
			name = AcronymDictionaryTests;
			productName = AcronymDictionaryTests;
			productReference = 8463ECD91E37F9CC00FBB698 /* AcronymDictionaryTests.xctest */;
			productType = "com.apple.product-type.bundle.unit-test";
		};
		8463ECE31E37F9CC00FBB698 /* AcronymDictionaryUITests */ = {
			isa = PBXNativeTarget;
			buildConfigurationList = 8463ECF31E37F9CC00FBB698 /* Build configuration list for PBXNativeTarget "AcronymDictionaryUITests" */;
			buildPhases = (
				2D10B70B72B66258E0B3AE84 /* [CP] Check Pods Manifest.lock */,
				8463ECE01E37F9CC00FBB698 /* Sources */,
				8463ECE11E37F9CC00FBB698 /* Frameworks */,
				8463ECE21E37F9CC00FBB698 /* Resources */,
				A3E81CF6688738E5AC00363F /* [CP] Embed Pods Frameworks */,
				849445D5E46AEE0EC8C554FC /* [CP] Copy Pods Resources */,
			);
			buildRules = (
			);
			dependencies = (
				8463ECE61E37F9CC00FBB698 /* PBXTargetDependency */,
			);
			name = AcronymDictionaryUITests;
			productName = AcronymDictionaryUITests;
			productReference = 8463ECE41E37F9CC00FBB698 /* AcronymDictionaryUITests.xctest */;
			productType = "com.apple.product-type.bundle.ui-testing";
		};
/* End PBXNativeTarget section */

/* Begin PBXProject section */
		8463ECB81E37F9CB00FBB698 /* Project object */ = {
			isa = PBXProject;
			attributes = {
				LastUpgradeCheck = 0820;
				ORGANIZATIONNAME = "Thomas Lextrait";
				TargetAttributes = {
					8463ECBF1E37F9CB00FBB698 = {
						CreatedOnToolsVersion = 8.2.1;
						DevelopmentTeam = E77U6KY6KJ;
						ProvisioningStyle = Automatic;
					};
					8463ECD81E37F9CC00FBB698 = {
						CreatedOnToolsVersion = 8.2.1;
						DevelopmentTeam = E77U6KY6KJ;
						ProvisioningStyle = Automatic;
						TestTargetID = 8463ECBF1E37F9CB00FBB698;
					};
					8463ECE31E37F9CC00FBB698 = {
						CreatedOnToolsVersion = 8.2.1;
						DevelopmentTeam = E77U6KY6KJ;
						ProvisioningStyle = Automatic;
						TestTargetID = 8463ECBF1E37F9CB00FBB698;
					};
				};
			};
			buildConfigurationList = 8463ECBB1E37F9CB00FBB698 /* Build configuration list for PBXProject "AcronymDictionary" */;
			compatibilityVersion = "Xcode 3.2";
			developmentRegion = English;
			hasScannedForEncodings = 0;
			knownRegions = (
				en,
				Base,
			);
			mainGroup = 8463ECB71E37F9CB00FBB698;
			productRefGroup = 8463ECC11E37F9CC00FBB698 /* Products */;
			projectDirPath = "";
			projectRoot = "";
			targets = (
				8463ECBF1E37F9CB00FBB698 /* AcronymDictionary */,
				8463ECD81E37F9CC00FBB698 /* AcronymDictionaryTests */,
				8463ECE31E37F9CC00FBB698 /* AcronymDictionaryUITests */,
			);
		};
/* End PBXProject section */

/* Begin PBXResourcesBuildPhase section */
		8463ECBE1E37F9CB00FBB698 /* Resources */ = {
			isa = PBXResourcesBuildPhase;
			buildActionMask = 2147483647;
			files = (
				8463ED191E381D7000FBB698 /* DefinitionTableViewCell.xib in Resources */,
				8463ECD31E37F9CC00FBB698 /* LaunchScreen.storyboard in Resources */,
				8463ECD01E37F9CC00FBB698 /* Assets.xcassets in Resources */,
				8463ECCE1E37F9CC00FBB698 /* Main.storyboard in Resources */,
			);
			runOnlyForDeploymentPostprocessing = 0;
		};
		8463ECD71E37F9CC00FBB698 /* Resources */ = {
			isa = PBXResourcesBuildPhase;
			buildActionMask = 2147483647;
			files = (
			);
			runOnlyForDeploymentPostprocessing = 0;
		};
		8463ECE21E37F9CC00FBB698 /* Resources */ = {
			isa = PBXResourcesBuildPhase;
			buildActionMask = 2147483647;
			files = (
			);
			runOnlyForDeploymentPostprocessing = 0;
		};
/* End PBXResourcesBuildPhase section */

/* Begin PBXShellScriptBuildPhase section */
		10659F8646EBC7FC76574EAC /* [CP] Embed Pods Frameworks */ = {
			isa = PBXShellScriptBuildPhase;
			buildActionMask = 2147483647;
			files = (
			);
			inputPaths = (
			);
			name = "[CP] Embed Pods Frameworks";
			outputPaths = (
			);
			runOnlyForDeploymentPostprocessing = 0;
			shellPath = /bin/sh;
			shellScript = "\"${SRCROOT}/Pods/Target Support Files/Pods-AcronymDictionary/Pods-AcronymDictionary-frameworks.sh\"\n";
			showEnvVarsInLog = 0;
		};
		2D10B70B72B66258E0B3AE84 /* [CP] Check Pods Manifest.lock */ = {
			isa = PBXShellScriptBuildPhase;
			buildActionMask = 2147483647;
			files = (
			);
			inputPaths = (
			);
			name = "[CP] Check Pods Manifest.lock";
			outputPaths = (
			);
			runOnlyForDeploymentPostprocessing = 0;
			shellPath = /bin/sh;
			shellScript = "diff \"${PODS_ROOT}/../Podfile.lock\" \"${PODS_ROOT}/Manifest.lock\" > /dev/null\nif [ $? != 0 ] ; then\n    # print error to STDERR\n    echo \"error: The sandbox is not in sync with the Podfile.lock. Run 'pod install' or update your CocoaPods installation.\" >&2\n    exit 1\nfi\n";
			showEnvVarsInLog = 0;
		};
		849445D5E46AEE0EC8C554FC /* [CP] Copy Pods Resources */ = {
			isa = PBXShellScriptBuildPhase;
			buildActionMask = 2147483647;
			files = (
			);
			inputPaths = (
			);
			name = "[CP] Copy Pods Resources";
			outputPaths = (
			);
			runOnlyForDeploymentPostprocessing = 0;
			shellPath = /bin/sh;
			shellScript = "\"${SRCROOT}/Pods/Target Support Files/Pods-AcronymDictionaryUITests/Pods-AcronymDictionaryUITests-resources.sh\"\n";
			showEnvVarsInLog = 0;
		};
		9BCF43388109EB0C6B714A8D /* [CP] Copy Pods Resources */ = {
			isa = PBXShellScriptBuildPhase;
			buildActionMask = 2147483647;
			files = (
			);
			inputPaths = (
			);
			name = "[CP] Copy Pods Resources";
			outputPaths = (
			);
			runOnlyForDeploymentPostprocessing = 0;
			shellPath = /bin/sh;
			shellScript = "\"${SRCROOT}/Pods/Target Support Files/Pods-AcronymDictionaryTests/Pods-AcronymDictionaryTests-resources.sh\"\n";
			showEnvVarsInLog = 0;
		};
		A34307F3E9B1E472DAB7B60F /* [CP] Check Pods Manifest.lock */ = {
			isa = PBXShellScriptBuildPhase;
			buildActionMask = 2147483647;
			files = (
			);
			inputPaths = (
			);
			name = "[CP] Check Pods Manifest.lock";
			outputPaths = (
			);
			runOnlyForDeploymentPostprocessing = 0;
			shellPath = /bin/sh;
			shellScript = "diff \"${PODS_ROOT}/../Podfile.lock\" \"${PODS_ROOT}/Manifest.lock\" > /dev/null\nif [ $? != 0 ] ; then\n    # print error to STDERR\n    echo \"error: The sandbox is not in sync with the Podfile.lock. Run 'pod install' or update your CocoaPods installation.\" >&2\n    exit 1\nfi\n";
			showEnvVarsInLog = 0;
		};
		A3E81CF6688738E5AC00363F /* [CP] Embed Pods Frameworks */ = {
			isa = PBXShellScriptBuildPhase;
			buildActionMask = 2147483647;
			files = (
			);
			inputPaths = (
			);
			name = "[CP] Embed Pods Frameworks";
			outputPaths = (
			);
			runOnlyForDeploymentPostprocessing = 0;
			shellPath = /bin/sh;
			shellScript = "\"${SRCROOT}/Pods/Target Support Files/Pods-AcronymDictionaryUITests/Pods-AcronymDictionaryUITests-frameworks.sh\"\n";
			showEnvVarsInLog = 0;
		};
		B85DDD51312E7AB54C835B48 /* [CP] Embed Pods Frameworks */ = {
			isa = PBXShellScriptBuildPhase;
			buildActionMask = 2147483647;
			files = (
			);
			inputPaths = (
			);
			name = "[CP] Embed Pods Frameworks";
			outputPaths = (
			);
			runOnlyForDeploymentPostprocessing = 0;
			shellPath = /bin/sh;
			shellScript = "\"${SRCROOT}/Pods/Target Support Files/Pods-AcronymDictionaryTests/Pods-AcronymDictionaryTests-frameworks.sh\"\n";
			showEnvVarsInLog = 0;
		};
		D03B3DCDEA5A4A5DA9A1CEDD /* [CP] Copy Pods Resources */ = {
			isa = PBXShellScriptBuildPhase;
			buildActionMask = 2147483647;
			files = (
			);
			inputPaths = (
			);
			name = "[CP] Copy Pods Resources";
			outputPaths = (
			);
			runOnlyForDeploymentPostprocessing = 0;
			shellPath = /bin/sh;
			shellScript = "\"${SRCROOT}/Pods/Target Support Files/Pods-AcronymDictionary/Pods-AcronymDictionary-resources.sh\"\n";
			showEnvVarsInLog = 0;
		};
		FB638EA3AE15CD0AE9969806 /* [CP] Check Pods Manifest.lock */ = {
			isa = PBXShellScriptBuildPhase;
			buildActionMask = 2147483647;
			files = (
			);
			inputPaths = (
			);
			name = "[CP] Check Pods Manifest.lock";
			outputPaths = (
			);
			runOnlyForDeploymentPostprocessing = 0;
			shellPath = /bin/sh;
			shellScript = "diff \"${PODS_ROOT}/../Podfile.lock\" \"${PODS_ROOT}/Manifest.lock\" > /dev/null\nif [ $? != 0 ] ; then\n    # print error to STDERR\n    echo \"error: The sandbox is not in sync with the Podfile.lock. Run 'pod install' or update your CocoaPods installation.\" >&2\n    exit 1\nfi\n";
			showEnvVarsInLog = 0;
		};
/* End PBXShellScriptBuildPhase section */

/* Begin PBXSourcesBuildPhase section */
		8463ECBC1E37F9CB00FBB698 /* Sources */ = {
			isa = PBXSourcesBuildPhase;
			buildActionMask = 2147483647;
			files = (
				8463ED141E38182600FBB698 /* SearchTableViewController+UISearchBarDelegate.m in Sources */,
				8463ED111E38143E00FBB698 /* SearchTableViewController.m in Sources */,
				8463ECFE1E37FC3600FBB698 /* Constants.m in Sources */,
				8463ED061E3801B700FBB698 /* AcronymDefinitions.m in Sources */,
				8463ED181E381D7000FBB698 /* DefinitionTableViewCell.m in Sources */,
				8463ED0B1E3801CF00FBB698 /* AcronymDefinition.m in Sources */,
				8463ECC81E37F9CC00FBB698 /* AppDelegate.m in Sources */,
				8463ECC51E37F9CC00FBB698 /* main.m in Sources */,
				8463ECF81E37FBB500FBB698 /* Acromine.m in Sources */,
			);
			runOnlyForDeploymentPostprocessing = 0;
		};
		8463ECD51E37F9CC00FBB698 /* Sources */ = {
			isa = PBXSourcesBuildPhase;
			buildActionMask = 2147483647;
			files = (
				8463ED071E3801B700FBB698 /* AcronymDefinitions.m in Sources */,
				8463ECF91E37FBB500FBB698 /* Acromine.m in Sources */,
				8463ECFF1E37FC3600FBB698 /* Constants.m in Sources */,
				8463ED0C1E3801CF00FBB698 /* AcronymDefinition.m in Sources */,
				8463ED021E37FD0500FBB698 /* AcromineTests.m in Sources */,
			);
			runOnlyForDeploymentPostprocessing = 0;
		};
		8463ECE01E37F9CC00FBB698 /* Sources */ = {
			isa = PBXSourcesBuildPhase;
			buildActionMask = 2147483647;
			files = (
				8463ED081E3801B700FBB698 /* AcronymDefinitions.m in Sources */,
				8463ECE91E37F9CC00FBB698 /* AcronymDictionaryUITests.m in Sources */,
				8463ECFA1E37FBB500FBB698 /* Acromine.m in Sources */,
				8463ED0D1E3801CF00FBB698 /* AcronymDefinition.m in Sources */,
				8463ED001E37FC3600FBB698 /* Constants.m in Sources */,
			);
			runOnlyForDeploymentPostprocessing = 0;
		};
/* End PBXSourcesBuildPhase section */

/* Begin PBXTargetDependency section */
		8463ECDB1E37F9CC00FBB698 /* PBXTargetDependency */ = {
			isa = PBXTargetDependency;
			target = 8463ECBF1E37F9CB00FBB698 /* AcronymDictionary */;
			targetProxy = 8463ECDA1E37F9CC00FBB698 /* PBXContainerItemProxy */;
		};
		8463ECE61E37F9CC00FBB698 /* PBXTargetDependency */ = {
			isa = PBXTargetDependency;
			target = 8463ECBF1E37F9CB00FBB698 /* AcronymDictionary */;
			targetProxy = 8463ECE51E37F9CC00FBB698 /* PBXContainerItemProxy */;
		};
/* End PBXTargetDependency section */

/* Begin PBXVariantGroup section */
		8463ECCC1E37F9CC00FBB698 /* Main.storyboard */ = {
			isa = PBXVariantGroup;
			children = (
				8463ECCD1E37F9CC00FBB698 /* Base */,
			);
			name = Main.storyboard;
			sourceTree = "<group>";
		};
		8463ECD11E37F9CC00FBB698 /* LaunchScreen.storyboard */ = {
			isa = PBXVariantGroup;
			children = (
				8463ECD21E37F9CC00FBB698 /* Base */,
			);
			name = LaunchScreen.storyboard;
			sourceTree = "<group>";
		};
/* End PBXVariantGroup section */

/* Begin XCBuildConfiguration section */
		8463ECEB1E37F9CC00FBB698 /* Debug */ = {
			isa = XCBuildConfiguration;
			buildSettings = {
				ALWAYS_SEARCH_USER_PATHS = NO;
				CLANG_ANALYZER_NONNULL = YES;
				CLANG_CXX_LANGUAGE_STANDARD = "gnu++0x";
				CLANG_CXX_LIBRARY = "libc++";
				CLANG_ENABLE_MODULES = YES;
				CLANG_ENABLE_OBJC_ARC = YES;
				CLANG_WARN_BOOL_CONVERSION = YES;
				CLANG_WARN_CONSTANT_CONVERSION = YES;
				CLANG_WARN_DIRECT_OBJC_ISA_USAGE = YES_ERROR;
				CLANG_WARN_DOCUMENTATION_COMMENTS = YES;
				CLANG_WARN_EMPTY_BODY = YES;
				CLANG_WARN_ENUM_CONVERSION = YES;
				CLANG_WARN_INFINITE_RECURSION = YES;
				CLANG_WARN_INT_CONVERSION = YES;
				CLANG_WARN_OBJC_ROOT_CLASS = YES_ERROR;
				CLANG_WARN_SUSPICIOUS_MOVE = YES;
				CLANG_WARN_UNREACHABLE_CODE = YES;
				CLANG_WARN__DUPLICATE_METHOD_MATCH = YES;
				"CODE_SIGN_IDENTITY[sdk=iphoneos*]" = "iPhone Developer";
				COPY_PHASE_STRIP = NO;
				DEBUG_INFORMATION_FORMAT = dwarf;
				ENABLE_STRICT_OBJC_MSGSEND = YES;
				ENABLE_TESTABILITY = YES;
				GCC_C_LANGUAGE_STANDARD = gnu99;
				GCC_DYNAMIC_NO_PIC = NO;
				GCC_NO_COMMON_BLOCKS = YES;
				GCC_OPTIMIZATION_LEVEL = 0;
				GCC_PREPROCESSOR_DEFINITIONS = (
					"DEBUG=1",
					"$(inherited)",
				);
				GCC_WARN_64_TO_32_BIT_CONVERSION = YES;
				GCC_WARN_ABOUT_RETURN_TYPE = YES_ERROR;
				GCC_WARN_UNDECLARED_SELECTOR = YES;
				GCC_WARN_UNINITIALIZED_AUTOS = YES_AGGRESSIVE;
				GCC_WARN_UNUSED_FUNCTION = YES;
				GCC_WARN_UNUSED_VARIABLE = YES;
				IPHONEOS_DEPLOYMENT_TARGET = 10.2;
				MTL_ENABLE_DEBUG_INFO = YES;
				ONLY_ACTIVE_ARCH = YES;
				SDKROOT = iphoneos;
				TARGETED_DEVICE_FAMILY = "1,2";
			};
			name = Debug;
		};
		8463ECEC1E37F9CC00FBB698 /* Release */ = {
			isa = XCBuildConfiguration;
			buildSettings = {
				ALWAYS_SEARCH_USER_PATHS = NO;
				CLANG_ANALYZER_NONNULL = YES;
				CLANG_CXX_LANGUAGE_STANDARD = "gnu++0x";
				CLANG_CXX_LIBRARY = "libc++";
				CLANG_ENABLE_MODULES = YES;
				CLANG_ENABLE_OBJC_ARC = YES;
				CLANG_WARN_BOOL_CONVERSION = YES;
				CLANG_WARN_CONSTANT_CONVERSION = YES;
				CLANG_WARN_DIRECT_OBJC_ISA_USAGE = YES_ERROR;
				CLANG_WARN_DOCUMENTATION_COMMENTS = YES;
				CLANG_WARN_EMPTY_BODY = YES;
				CLANG_WARN_ENUM_CONVERSION = YES;
				CLANG_WARN_INFINITE_RECURSION = YES;
				CLANG_WARN_INT_CONVERSION = YES;
				CLANG_WARN_OBJC_ROOT_CLASS = YES_ERROR;
				CLANG_WARN_SUSPICIOUS_MOVE = YES;
				CLANG_WARN_UNREACHABLE_CODE = YES;
				CLANG_WARN__DUPLICATE_METHOD_MATCH = YES;
				"CODE_SIGN_IDENTITY[sdk=iphoneos*]" = "iPhone Developer";
				COPY_PHASE_STRIP = NO;
				DEBUG_INFORMATION_FORMAT = "dwarf-with-dsym";
				ENABLE_NS_ASSERTIONS = NO;
				ENABLE_STRICT_OBJC_MSGSEND = YES;
				GCC_C_LANGUAGE_STANDARD = gnu99;
				GCC_NO_COMMON_BLOCKS = YES;
				GCC_WARN_64_TO_32_BIT_CONVERSION = YES;
				GCC_WARN_ABOUT_RETURN_TYPE = YES_ERROR;
				GCC_WARN_UNDECLARED_SELECTOR = YES;
				GCC_WARN_UNINITIALIZED_AUTOS = YES_AGGRESSIVE;
				GCC_WARN_UNUSED_FUNCTION = YES;
				GCC_WARN_UNUSED_VARIABLE = YES;
				IPHONEOS_DEPLOYMENT_TARGET = 10.2;
				MTL_ENABLE_DEBUG_INFO = NO;
				SDKROOT = iphoneos;
				TARGETED_DEVICE_FAMILY = "1,2";
				VALIDATE_PRODUCT = YES;
			};
			name = Release;
		};
		8463ECEE1E37F9CC00FBB698 /* Debug */ = {
			isa = XCBuildConfiguration;
			baseConfigurationReference = 8CDD8BC7247A39700C57E866 /* Pods-AcronymDictionary.debug.xcconfig */;
			buildSettings = {
				ASSETCATALOG_COMPILER_APPICON_NAME = AppIcon;
				DEVELOPMENT_TEAM = E77U6KY6KJ;
				GCC_PREFIX_HEADER = AcronymDictionary/PrefixHeader.pch;
				INFOPLIST_FILE = AcronymDictionary/Info.plist;
				LD_RUNPATH_SEARCH_PATHS = "$(inherited) @executable_path/Frameworks";
				PRODUCT_BUNDLE_IDENTIFIER = com.tlextrait.AcronymDictionary;
				PRODUCT_NAME = "$(TARGET_NAME)";
			};
			name = Debug;
		};
		8463ECEF1E37F9CC00FBB698 /* Release */ = {
			isa = XCBuildConfiguration;
			baseConfigurationReference = 37ECEB60EEED5CB27F68A550 /* Pods-AcronymDictionary.release.xcconfig */;
			buildSettings = {
				ASSETCATALOG_COMPILER_APPICON_NAME = AppIcon;
				DEVELOPMENT_TEAM = E77U6KY6KJ;
				GCC_PREFIX_HEADER = AcronymDictionary/PrefixHeader.pch;
				INFOPLIST_FILE = AcronymDictionary/Info.plist;
				LD_RUNPATH_SEARCH_PATHS = "$(inherited) @executable_path/Frameworks";
				PRODUCT_BUNDLE_IDENTIFIER = com.tlextrait.AcronymDictionary;
				PRODUCT_NAME = "$(TARGET_NAME)";
			};
			name = Release;
		};
		8463ECF11E37F9CC00FBB698 /* Debug */ = {
			isa = XCBuildConfiguration;
			baseConfigurationReference = 038AC3CD7DA3A26B2D76AF27 /* Pods-AcronymDictionaryTests.debug.xcconfig */;
			buildSettings = {
				BUNDLE_LOADER = "$(TEST_HOST)";
				DEVELOPMENT_TEAM = E77U6KY6KJ;
				GCC_PREFIX_HEADER = AcronymDictionary/PrefixHeader.pch;
				INFOPLIST_FILE = AcronymDictionaryTests/Info.plist;
				LD_RUNPATH_SEARCH_PATHS = "$(inherited) @executable_path/Frameworks @loader_path/Frameworks";
				PRODUCT_BUNDLE_IDENTIFIER = com.tlextrait.AcronymDictionaryTests;
				PRODUCT_NAME = "$(TARGET_NAME)";
				TEST_HOST = "$(BUILT_PRODUCTS_DIR)/AcronymDictionary.app/AcronymDictionary";
			};
			name = Debug;
		};
		8463ECF21E37F9CC00FBB698 /* Release */ = {
			isa = XCBuildConfiguration;
			baseConfigurationReference = 6A80EA9617A900E510AF5649 /* Pods-AcronymDictionaryTests.release.xcconfig */;
			buildSettings = {
				BUNDLE_LOADER = "$(TEST_HOST)";
				DEVELOPMENT_TEAM = E77U6KY6KJ;
				GCC_PREFIX_HEADER = AcronymDictionary/PrefixHeader.pch;
				INFOPLIST_FILE = AcronymDictionaryTests/Info.plist;
				LD_RUNPATH_SEARCH_PATHS = "$(inherited) @executable_path/Frameworks @loader_path/Frameworks";
				PRODUCT_BUNDLE_IDENTIFIER = com.tlextrait.AcronymDictionaryTests;
				PRODUCT_NAME = "$(TARGET_NAME)";
				TEST_HOST = "$(BUILT_PRODUCTS_DIR)/AcronymDictionary.app/AcronymDictionary";
			};
			name = Release;
		};
		8463ECF41E37F9CC00FBB698 /* Debug */ = {
			isa = XCBuildConfiguration;
			baseConfigurationReference = 6F4F37D8442B6435AD79FF35 /* Pods-AcronymDictionaryUITests.debug.xcconfig */;
			buildSettings = {
				DEVELOPMENT_TEAM = E77U6KY6KJ;
				GCC_PREFIX_HEADER = AcronymDictionary/PrefixHeader.pch;
				INFOPLIST_FILE = AcronymDictionaryUITests/Info.plist;
				LD_RUNPATH_SEARCH_PATHS = "$(inherited) @executable_path/Frameworks @loader_path/Frameworks";
				PRODUCT_BUNDLE_IDENTIFIER = com.tlextrait.AcronymDictionaryUITests;
				PRODUCT_NAME = "$(TARGET_NAME)";
				TEST_TARGET_NAME = AcronymDictionary;
			};
			name = Debug;
		};
		8463ECF51E37F9CC00FBB698 /* Release */ = {
			isa = XCBuildConfiguration;
			baseConfigurationReference = C2944A00103076CE5F9ED59E /* Pods-AcronymDictionaryUITests.release.xcconfig */;
			buildSettings = {
				DEVELOPMENT_TEAM = E77U6KY6KJ;
				GCC_PREFIX_HEADER = AcronymDictionary/PrefixHeader.pch;
				INFOPLIST_FILE = AcronymDictionaryUITests/Info.plist;
				LD_RUNPATH_SEARCH_PATHS = "$(inherited) @executable_path/Frameworks @loader_path/Frameworks";
				PRODUCT_BUNDLE_IDENTIFIER = com.tlextrait.AcronymDictionaryUITests;
				PRODUCT_NAME = "$(TARGET_NAME)";
				TEST_TARGET_NAME = AcronymDictionary;
			};
			name = Release;
		};
/* End XCBuildConfiguration section */

/* Begin XCConfigurationList section */
		8463ECBB1E37F9CB00FBB698 /* Build configuration list for PBXProject "AcronymDictionary" */ = {
			isa = XCConfigurationList;
			buildConfigurations = (
				8463ECEB1E37F9CC00FBB698 /* Debug */,
				8463ECEC1E37F9CC00FBB698 /* Release */,
			);
			defaultConfigurationIsVisible = 0;
			defaultConfigurationName = Release;
		};
		8463ECED1E37F9CC00FBB698 /* Build configuration list for PBXNativeTarget "AcronymDictionary" */ = {
			isa = XCConfigurationList;
			buildConfigurations = (
				8463ECEE1E37F9CC00FBB698 /* Debug */,
				8463ECEF1E37F9CC00FBB698 /* Release */,
			);
			defaultConfigurationIsVisible = 0;
			defaultConfigurationName = Release;
		};
		8463ECF01E37F9CC00FBB698 /* Build configuration list for PBXNativeTarget "AcronymDictionaryTests" */ = {
			isa = XCConfigurationList;
			buildConfigurations = (
				8463ECF11E37F9CC00FBB698 /* Debug */,
				8463ECF21E37F9CC00FBB698 /* Release */,
			);
			defaultConfigurationIsVisible = 0;
			defaultConfigurationName = Release;
		};
		8463ECF31E37F9CC00FBB698 /* Build configuration list for PBXNativeTarget "AcronymDictionaryUITests" */ = {
			isa = XCConfigurationList;
			buildConfigurations = (
				8463ECF41E37F9CC00FBB698 /* Debug */,
				8463ECF51E37F9CC00FBB698 /* Release */,
			);
			defaultConfigurationIsVisible = 0;
			defaultConfigurationName = Release;
		};
/* End XCConfigurationList section */
	};
	rootObject = 8463ECB81E37F9CB00FBB698 /* Project object */;
}
